// !$*UTF8*$!
{
	archiveVersion = 1;
	classes = {
	};
	objectVersion = 46;
	objects = {

/* Begin PBXBuildFile section */
		13EDEE9C1F2395CB008053FB /* AppDelegate.swift in Sources */ = {isa = PBXBuildFile; fileRef = 13EDEE9B1F2395CB008053FB /* AppDelegate.swift */; };
		13EDEE9E1F2395CB008053FB /* ViewController.swift in Sources */ = {isa = PBXBuildFile; fileRef = 13EDEE9D1F2395CB008053FB /* ViewController.swift */; };
		13EDEEA11F2395CB008053FB /* Main.storyboard in Resources */ = {isa = PBXBuildFile; fileRef = 13EDEE9F1F2395CB008053FB /* Main.storyboard */; };
		13EDEEA31F2395CB008053FB /* Assets.xcassets in Resources */ = {isa = PBXBuildFile; fileRef = 13EDEEA21F2395CB008053FB /* Assets.xcassets */; };
		13EDEEA61F2395CB008053FB /* LaunchScreen.storyboard in Resources */ = {isa = PBXBuildFile; fileRef = 13EDEEA41F2395CB008053FB /* LaunchScreen.storyboard */; };
		13EDEEAE1F2396B9008053FB /* DropDownList.swift in Sources */ = {isa = PBXBuildFile; fileRef = 13EDEEAD1F2396B9008053FB /* DropDownList.swift */; };
/* End PBXBuildFile section */

/* Begin PBXFileReference section */
		13EDEE981F2395CB008053FB /* DropDownList.app */ = {isa = PBXFileReference; explicitFileType = wrapper.application; includeInIndex = 0; path = DropDownList.app; sourceTree = BUILT_PRODUCTS_DIR; };
		13EDEE9B1F2395CB008053FB /* AppDelegate.swift */ = {isa = PBXFileReference; lastKnownFileType = sourcecode.swift; path = AppDelegate.swift; sourceTree = "<group>"; };
		13EDEE9D1F2395CB008053FB /* ViewController.swift */ = {isa = PBXFileReference; lastKnownFileType = sourcecode.swift; path = ViewController.swift; sourceTree = "<group>"; };
		13EDEEA01F2395CB008053FB /* Base */ = {isa = PBXFileReference; lastKnownFileType = file.storyboard; name = Base; path = Base.lproj/Main.storyboard; sourceTree = "<group>"; };
		13EDEEA21F2395CB008053FB /* Assets.xcassets */ = {isa = PBXFileReference; lastKnownFileType = folder.assetcatalog; path = Assets.xcassets; sourceTree = "<group>"; };
		13EDEEA51F2395CB008053FB /* Base */ = {isa = PBXFileReference; lastKnownFileType = file.storyboard; name = Base; path = Base.lproj/LaunchScreen.storyboard; sourceTree = "<group>"; };
		13EDEEA71F2395CB008053FB /* Info.plist */ = {isa = PBXFileReference; lastKnownFileType = text.plist.xml; path = Info.plist; sourceTree = "<group>"; };
		13EDEEAD1F2396B9008053FB /* DropDownList.swift */ = {isa = PBXFileReference; fileEncoding = 4; lastKnownFileType = sourcecode.swift; path = DropDownList.swift; sourceTree = "<group>"; };
/* End PBXFileReference section */

/* Begin PBXFrameworksBuildPhase section */
		13EDEE951F2395CB008053FB /* Frameworks */ = {
			isa = PBXFrameworksBuildPhase;
			buildActionMask = 2147483647;
			files = (
			);
			runOnlyForDeploymentPostprocessing = 0;
		};
/* End PBXFrameworksBuildPhase section */

/* Begin PBXGroup section */
		13EDEE8F1F2395CA008053FB = {
			isa = PBXGroup;
			children = (
				13EDEE9A1F2395CB008053FB /* DropDownList */,
				13EDEE991F2395CB008053FB /* Products */,
			);
			sourceTree = "<group>";
		};
		13EDEE991F2395CB008053FB /* Products */ = {
			isa = PBXGroup;
			children = (
				13EDEE981F2395CB008053FB /* DropDownList.app */,
			);
			name = Products;
			sourceTree = "<group>";
		};
		13EDEE9A1F2395CB008053FB /* DropDownList */ = {
			isa = PBXGroup;
			children = (
				13EDEEAD1F2396B9008053FB /* DropDownList.swift */,
				13EDEE9B1F2395CB008053FB /* AppDelegate.swift */,
				13EDEE9D1F2395CB008053FB /* ViewController.swift */,
				13EDEE9F1F2395CB008053FB /* Main.storyboard */,
				13EDEEA21F2395CB008053FB /* Assets.xcassets */,
				13EDEEA41F2395CB008053FB /* LaunchScreen.storyboard */,
				13EDEEA71F2395CB008053FB /* Info.plist */,
			);
			path = DropDownList;
			sourceTree = "<group>";
		};
/* End PBXGroup section */

/* Begin PBXNativeTarget section */
		13EDEE971F2395CB008053FB /* DropDownList */ = {
			isa = PBXNativeTarget;
			buildConfigurationList = 13EDEEAA1F2395CB008053FB /* Build configuration list for PBXNativeTarget "DropDownList" */;
			buildPhases = (
				13EDEE941F2395CB008053FB /* Sources */,
				13EDEE951F2395CB008053FB /* Frameworks */,
				13EDEE961F2395CB008053FB /* Resources */,
			);
			buildRules = (
			);
			dependencies = (
			);
			name = DropDownList;
			productName = DropDownList;
			productReference = 13EDEE981F2395CB008053FB /* DropDownList.app */;
			productType = "com.apple.product-type.application";
		};
/* End PBXNativeTarget section */

/* Begin PBXProject section */
		13EDEE901F2395CA008053FB /* Project object */ = {
			isa = PBXProject;
			attributes = {
				LastSwiftUpdateCheck = 0830;
				LastUpgradeCheck = 0830;
				ORGANIZATIONNAME = "Vikash Kumar";
				TargetAttributes = {
					13EDEE971F2395CB008053FB = {
						CreatedOnToolsVersion = 8.3.3;
						DevelopmentTeam = RF7N2574KF;
						ProvisioningStyle = Automatic;
					};
				};
			};
			buildConfigurationList = 13EDEE931F2395CA008053FB /* Build configuration list for PBXProject "DropDownList" */;
			compatibilityVersion = "Xcode 3.2";
			developmentRegion = English;
			hasScannedForEncodings = 0;
			knownRegions = (
				en,
				Base,
			);
			mainGroup = 13EDEE8F1F2395CA008053FB;
			productRefGroup = 13EDEE991F2395CB008053FB /* Products */;
			projectDirPath = "";
			projectRoot = "";
			targets = (
				13EDEE971F2395CB008053FB /* DropDownList */,
			);
		};
/* End PBXProject section */

/* Begin PBXResourcesBuildPhase section */
		13EDEE961F2395CB008053FB /* Resources */ = {
			isa = PBXResourcesBuildPhase;
			buildActionMask = 2147483647;
			files = (
				13EDEEA61F2395CB008053FB /* LaunchScreen.storyboard in Resources */,
				13EDEEA31F2395CB008053FB /* Assets.xcassets in Resources */,
				13EDEEA11F2395CB008053FB /* Main.storyboard in Resources */,
			);
			runOnlyForDeploymentPostprocessing = 0;
		};
/* End PBXResourcesBuildPhase section */

/* Begin PBXSourcesBuildPhase section */
		13EDEE941F2395CB008053FB /* Sources */ = {
			isa = PBXSourcesBuildPhase;
			buildActionMask = 2147483647;
			files = (
				13EDEE9E1F2395CB008053FB /* ViewController.swift in Sources */,
				13EDEE9C1F2395CB008053FB /* AppDelegate.swift in Sources */,
				13EDEEAE1F2396B9008053FB /* DropDownList.swift in Sources */,
			);
			runOnlyForDeploymentPostprocessing = 0;
		};
/* End PBXSourcesBuildPhase section */

/* Begin PBXVariantGroup section */
		13EDEE9F1F2395CB008053FB /* Main.storyboard */ = {
			isa = PBXVariantGroup;
			children = (
				13EDEEA01F2395CB008053FB /* Base */,
			);
			name = Main.storyboard;
			sourceTree = "<group>";
		};
		13EDEEA41F2395CB008053FB /* LaunchScreen.storyboard */ = {
			isa = PBXVariantGroup;
			children = (
				13EDEEA51F2395CB008053FB /* Base */,
			);
			name = LaunchScreen.storyboard;
			sourceTree = "<group>";
		};
/* End PBXVariantGroup section */

/* Begin XCBuildConfiguration section */
		13EDEEA81F2395CB008053FB /* Debug */ = {
			isa = XCBuildConfiguration;
			buildSettings = {
				ALWAYS_SEARCH_USER_PATHS = NO;
				CLANG_ANALYZER_NONNULL = YES;
				CLANG_ANALYZER_NUMBER_OBJECT_CONVERSION = YES_AGGRESSIVE;
				CLANG_CXX_LANGUAGE_STANDARD = "gnu++0x";
				CLANG_CXX_LIBRARY = "libc++";
				CLANG_ENABLE_MODULES = YES;
				CLANG_ENABLE_OBJC_ARC = YES;
				CLANG_WARN_BOOL_CONVERSION = YES;
				CLANG_WARN_CONSTANT_CONVERSION = YES;
				CLANG_WARN_DIRECT_OBJC_ISA_USAGE = YES_ERROR;
				CLANG_WARN_DOCUMENTATION_COMMENTS = YES;
				CLANG_WARN_EMPTY_BODY = YES;
				CLANG_WARN_ENUM_CONVERSION = YES;
				CLANG_WARN_INFINITE_RECURSION = YES;
				CLANG_WARN_INT_CONVERSION = YES;
				CLANG_WARN_OBJC_ROOT_CLASS = YES_ERROR;
				CLANG_WARN_SUSPICIOUS_MOVE = YES;
				CLANG_WARN_UNREACHABLE_CODE = YES;
				CLANG_WARN__DUPLICATE_METHOD_MATCH = YES;
				"CODE_SIGN_IDENTITY[sdk=iphoneos*]" = "iPhone Developer";
				COPY_PHASE_STRIP = NO;
				DEBUG_INFORMATION_FORMAT = dwarf;
				ENABLE_STRICT_OBJC_MSGSEND = YES;
				ENABLE_TESTABILITY = YES;
				GCC_C_LANGUAGE_STANDARD = gnu99;
				GCC_DYNAMIC_NO_PIC = NO;
				GCC_NO_COMMON_BLOCKS = YES;
				GCC_OPTIMIZATION_LEVEL = 0;
				GCC_PREPROCESSOR_DEFINITIONS = (
					"DEBUG=1",
					"$(inherited)",
				);
				GCC_WARN_64_TO_32_BIT_CONVERSION = YES;
				GCC_WARN_ABOUT_RETURN_TYPE = YES_ERROR;
				GCC_WARN_UNDECLARED_SELECTOR = YES;
				GCC_WARN_UNINITIALIZED_AUTOS = YES_AGGRESSIVE;
				GCC_WARN_UNUSED_FUNCTION = YES;
				GCC_WARN_UNUSED_VARIABLE = YES;
				IPHONEOS_DEPLOYMENT_TARGET = 10.3;
				MTL_ENABLE_DEBUG_INFO = YES;
				ONLY_ACTIVE_ARCH = YES;
				SDKROOT = iphoneos;
				SWIFT_ACTIVE_COMPILATION_CONDITIONS = DEBUG;
				SWIFT_OPTIMIZATION_LEVEL = "-Onone";
				TARGETED_DEVICE_FAMILY = "1,2";
			};
			name = Debug;
		};
		13EDEEA91F2395CB008053FB /* Release */ = {
			isa = XCBuildConfiguration;
			buildSettings = {
				ALWAYS_SEARCH_USER_PATHS = NO;
				CLANG_ANALYZER_NONNULL = YES;
				CLANG_ANALYZER_NUMBER_OBJECT_CONVERSION = YES_AGGRESSIVE;
				CLANG_CXX_LANGUAGE_STANDARD = "gnu++0x";
				CLANG_CXX_LIBRARY = "libc++";
				CLANG_ENABLE_MODULES = YES;
				CLANG_ENABLE_OBJC_ARC = YES;
				CLANG_WARN_BOOL_CONVERSION = YES;
				CLANG_WARN_CONSTANT_CONVERSION = YES;
				CLANG_WARN_DIRECT_OBJC_ISA_USAGE = YES_ERROR;
				CLANG_WARN_DOCUMENTATION_COMMENTS = YES;
				CLANG_WARN_EMPTY_BODY = YES;
				CLANG_WARN_ENUM_CONVERSION = YES;
				CLANG_WARN_INFINITE_RECURSION = YES;
				CLANG_WARN_INT_CONVERSION = YES;
				CLANG_WARN_OBJC_ROOT_CLASS = YES_ERROR;
				CLANG_WARN_SUSPICIOUS_MOVE = YES;
				CLANG_WARN_UNREACHABLE_CODE = YES;
				CLANG_WARN__DUPLICATE_METHOD_MATCH = YES;
				"CODE_SIGN_IDENTITY[sdk=iphoneos*]" = "iPhone Developer";
				COPY_PHASE_STRIP = NO;
				DEBUG_INFORMATION_FORMAT = "dwarf-with-dsym";
				ENABLE_NS_ASSERTIONS = NO;
				ENABLE_STRICT_OBJC_MSGSEND = YES;
				GCC_C_LANGUAGE_STANDARD = gnu99;
				GCC_NO_COMMON_BLOCKS = YES;
				GCC_WARN_64_TO_32_BIT_CONVERSION = YES;
				GCC_WARN_ABOUT_RETURN_TYPE = YES_ERROR;
				GCC_WARN_UNDECLARED_SELECTOR = YES;
				GCC_WARN_UNINITIALIZED_AUTOS = YES_AGGRESSIVE;
				GCC_WARN_UNUSED_FUNCTION = YES;
				GCC_WARN_UNUSED_VARIABLE = YES;
				IPHONEOS_DEPLOYMENT_TARGET = 10.3;
				MTL_ENABLE_DEBUG_INFO = NO;
				SDKROOT = iphoneos;
				SWIFT_OPTIMIZATION_LEVEL = "-Owholemodule";
				TARGETED_DEVICE_FAMILY = "1,2";
				VALIDATE_PRODUCT = YES;
			};
			name = Release;
		};
		13EDEEAB1F2395CB008053FB /* Debug */ = {
			isa = XCBuildConfiguration;
			buildSettings = {
				ASSETCATALOG_COMPILER_APPICON_NAME = AppIcon;
				DEVELOPMENT_TEAM = RF7N2574KF;
				INFOPLIST_FILE = DropDownList/Info.plist;
				LD_RUNPATH_SEARCH_PATHS = "$(inherited) @executable_path/Frameworks";
				PRODUCT_BUNDLE_IDENTIFIER = VKP.DropDownList;
				PRODUCT_NAME = "$(TARGET_NAME)";
				SWIFT_VERSION = 3.0;
			};
			name = Debug;
		};
		13EDEEAC1F2395CB008053FB /* Release */ = {
			isa = XCBuildConfiguration;
			buildSettings = {
				ASSETCATALOG_COMPILER_APPICON_NAME = AppIcon;
				DEVELOPMENT_TEAM = RF7N2574KF;
				INFOPLIST_FILE = DropDownList/Info.plist;
				LD_RUNPATH_SEARCH_PATHS = "$(inherited) @executable_path/Frameworks";
				PRODUCT_BUNDLE_IDENTIFIER = VKP.DropDownList;
				PRODUCT_NAME = "$(TARGET_NAME)";
				SWIFT_VERSION = 3.0;
			};
			name = Release;
		};
/* End XCBuildConfiguration section */

/* Begin XCConfigurationList section */
		13EDEE931F2395CA008053FB /* Build configuration list for PBXProject "DropDownList" */ = {
			isa = XCConfigurationList;
			buildConfigurations = (
				13EDEEA81F2395CB008053FB /* Debug */,
				13EDEEA91F2395CB008053FB /* Release */,
			);
			defaultConfigurationIsVisible = 0;
			defaultConfigurationName = Release;
		};
		13EDEEAA1F2395CB008053FB /* Build configuration list for PBXNativeTarget "DropDownList" */ = {
			isa = XCConfigurationList;
			buildConfigurations = (
				13EDEEAB1F2395CB008053FB /* Debug */,
				13EDEEAC1F2395CB008053FB /* Release */,
			);
			defaultConfigurationIsVisible = 0;
		};
/* End XCConfigurationList section */
	};
	rootObject = 13EDEE901F2395CA008053FB /* Project object */;
}
